github.com/Colins110/wowchemy-hugo-modules v0.29.0 h1:0PeKzXRIUFlD5OOQpfcFDXwM39AqLe0vpQAVrZzTL7Q=
github.com/Colins110/wowchemy-hugo-modules v4.8.0+incompatible h1:gFx5HloOb5mgjq9efOsDJzC9EWeFM14wWO8iWMj/GCc=
github.com/Colins110/wowchemy-hugo-modules/wowchemy v0.0.0-20201016084703-9681e11cb057 h1:aZJBjwR9IrmsupNSlg1T3aGPidGaIY888ZS6MphWlxg=
github.com/Colins110/wowchemy-hugo-modules/wowchemy v0.0.0-20201016084703-9681e11cb057/go.mod h1:eRzSNWEan5sXAUudVqF0xhSe/ucB2zv/PAMQJCsylhY=
